
Microsoft Visual Studio Solution File, Format Version 12.00
Project("{FAE04EC0-301F-11D3-BF4B-00C04F79EFBC}") = "Velen.Server.Specs", "Velen.Server.Specs\Velen.Server.Specs.csproj", "{51608402-EBD4-4BC7-BB1F-691B2FA6A552}"
EndProject
Project("{FAE04EC0-301F-11D3-BF4B-00C04F79EFBC}") = "Velen.Server", "Velen.Server\Velen.Server.csproj", "{5618E604-F8A7-4549-AAD8-0EB8E7A033DE}"
EndProject
Global
	GlobalSection(SolutionConfigurationPlatforms) = preSolution
		Debug|Any CPU = Debug|Any CPU
		Release|Any CPU = Release|Any CPU
	EndGlobalSection
	GlobalSection(ProjectConfigurationPlatforms) = postSolution
		{51608402-EBD4-4BC7-BB1F-691B2FA6A552}.Debug|Any CPU.ActiveCfg = Debug|Any CPU
		{51608402-EBD4-4BC7-BB1F-691B2FA6A552}.Debug|Any CPU.Build.0 = Debug|Any CPU
		{51608402-EBD4-4BC7-BB1F-691B2FA6A552}.Release|Any CPU.ActiveCfg = Release|Any CPU
		{51608402-EBD4-4BC7-BB1F-691B2FA6A552}.Release|Any CPU.Build.0 = Release|Any CPU
		{5618E604-F8A7-4549-AAD8-0EB8E7A033DE}.Debug|Any CPU.ActiveCfg = Debug|Any CPU
		{5618E604-F8A7-4549-AAD8-0EB8E7A033DE}.Debug|Any CPU.Build.0 = Debug|Any CPU
		{5618E604-F8A7-4549-AAD8-0EB8E7A033DE}.Release|Any CPU.ActiveCfg = Release|Any CPU
		{5618E604-F8A7-4549-AAD8-0EB8E7A033DE}.Release|Any CPU.Build.0 = Release|Any CPU
	EndGlobalSection
EndGlobal
